// !$*UTF8*$!
{
	archiveVersion = 1;
	classes = {
	};
	objectVersion = 56;
	objects = {

/* Begin PBXBuildFile section */
		5A4B37FD2B20953D00611158 /* MM.mp3 in Resources */ = {isa = PBXBuildFile; fileRef = 5A4B37FC2B20953D00611158 /* MM.mp3 */; };
		5A4B37FF2B20958100611158 /* AudioPlayer.swift in Sources */ = {isa = PBXBuildFile; fileRef = 5A4B37FE2B20958100611158 /* AudioPlayer.swift */; };
		5A871A642B1F5F3700AB483A /* InfoScreen.swift in Sources */ = {isa = PBXBuildFile; fileRef = 5A871A632B1F5F3700AB483A /* InfoScreen.swift */; };
		5A871A662B1F5F8F00AB483A /* AccountScreen.swift in Sources */ = {isa = PBXBuildFile; fileRef = 5A871A652B1F5F8F00AB483A /* AccountScreen.swift */; };
		5ACF688E2B18D604000CCEE9 /* Ithra-Light.ttf in Resources */ = {isa = PBXBuildFile; fileRef = 5ACF688C2B18D603000CCEE9 /* Ithra-Light.ttf */; };
		5ACF688F2B18D604000CCEE9 /* Ithra-Bold.ttf in Resources */ = {isa = PBXBuildFile; fileRef = 5ACF688D2B18D604000CCEE9 /* Ithra-Bold.ttf */; };
		5C2E02B92B1DC5B800B48204 /* UserListView.swift in Sources */ = {isa = PBXBuildFile; fileRef = 5C2E02B82B1DC5B800B48204 /* UserListView.swift */; };
		5C6D5D522B1330610061AC56 /* zooProjectFinalApp.swift in Sources */ = {isa = PBXBuildFile; fileRef = 5C6D5D512B1330610061AC56 /* zooProjectFinalApp.swift */; };
		5C6D5D562B1330620061AC56 /* Assets.xcassets in Resources */ = {isa = PBXBuildFile; fileRef = 5C6D5D552B1330620061AC56 /* Assets.xcassets */; };
		5C6D5D592B1330620061AC56 /* Preview Assets.xcassets in Resources */ = {isa = PBXBuildFile; fileRef = 5C6D5D582B1330620061AC56 /* Preview Assets.xcassets */; };
		5C6D5D602B1331D40061AC56 /* GoogleService-Info.plist in Resources */ = {isa = PBXBuildFile; fileRef = 5C6D5D5F2B1331D40061AC56 /* GoogleService-Info.plist */; };
		5C6D5D632B13331A0061AC56 /* FirebaseAnalytics in Frameworks */ = {isa = PBXBuildFile; productRef = 5C6D5D622B13331A0061AC56 /* FirebaseAnalytics */; };
		5C6D5D652B13331A0061AC56 /* FirebaseAnalyticsOnDeviceConversion in Frameworks */ = {isa = PBXBuildFile; productRef = 5C6D5D642B13331A0061AC56 /* FirebaseAnalyticsOnDeviceConversion */; };
		5C6D5D672B13331A0061AC56 /* FirebaseAnalyticsSwift in Frameworks */ = {isa = PBXBuildFile; productRef = 5C6D5D662B13331A0061AC56 /* FirebaseAnalyticsSwift */; };
		5C6D5D692B13331A0061AC56 /* FirebaseAnalyticsWithoutAdIdSupport in Frameworks */ = {isa = PBXBuildFile; productRef = 5C6D5D682B13331A0061AC56 /* FirebaseAnalyticsWithoutAdIdSupport */; };
		5C6D5D6B2B13331A0061AC56 /* FirebaseAppCheck in Frameworks */ = {isa = PBXBuildFile; productRef = 5C6D5D6A2B13331A0061AC56 /* FirebaseAppCheck */; };
		5C6D5D6D2B13370F0061AC56 /* splashScreen.swift in Sources */ = {isa = PBXBuildFile; fileRef = 5C6D5D6C2B13370F0061AC56 /* splashScreen.swift */; };
		5C6D5D6F2B1338970061AC56 /* permissionScreen.swift in Sources */ = {isa = PBXBuildFile; fileRef = 5C6D5D6E2B1338970061AC56 /* permissionScreen.swift */; };
		5C6D5D712B1338C00061AC56 /* introRegisteration.swift in Sources */ = {isa = PBXBuildFile; fileRef = 5C6D5D702B1338C00061AC56 /* introRegisteration.swift */; };
		5C6D5D732B1338DA0061AC56 /* signUpScreen.swift in Sources */ = {isa = PBXBuildFile; fileRef = 5C6D5D722B1338DA0061AC56 /* signUpScreen.swift */; };
		5C6D5D752B1338E80061AC56 /* loginScreen.swift in Sources */ = {isa = PBXBuildFile; fileRef = 5C6D5D742B1338E70061AC56 /* loginScreen.swift */; };
		5C6D5D772B13390F0061AC56 /* LetsPlayScreen.swift in Sources */ = {isa = PBXBuildFile; fileRef = 5C6D5D762B13390F0061AC56 /* LetsPlayScreen.swift */; };
		5C84083A2B14B403003E21D6 /* FirebaseFunctions in Frameworks */ = {isa = PBXBuildFile; productRef = 5C8408392B14B403003E21D6 /* FirebaseFunctions */; };
		5CCB16262B14A96E00BA5000 /* FirebaseAnalytics in Frameworks */ = {isa = PBXBuildFile; productRef = 5CCB16252B14A96E00BA5000 /* FirebaseAnalytics */; };
		5CCB16282B14A96E00BA5000 /* FirebaseAnalyticsOnDeviceConversion in Frameworks */ = {isa = PBXBuildFile; productRef = 5CCB16272B14A96E00BA5000 /* FirebaseAnalyticsOnDeviceConversion */; };
		5CCB162A2B14A96E00BA5000 /* FirebaseAnalyticsSwift in Frameworks */ = {isa = PBXBuildFile; productRef = 5CCB16292B14A96E00BA5000 /* FirebaseAnalyticsSwift */; };
		5CCB162C2B14A96E00BA5000 /* FirebaseAnalyticsWithoutAdIdSupport in Frameworks */ = {isa = PBXBuildFile; productRef = 5CCB162B2B14A96E00BA5000 /* FirebaseAnalyticsWithoutAdIdSupport */; };
		5CCB162E2B14A96E00BA5000 /* FirebaseAppCheck in Frameworks */ = {isa = PBXBuildFile; productRef = 5CCB162D2B14A96E00BA5000 /* FirebaseAppCheck */; };
		5CCB16302B14AA4300BA5000 /* FirebaseAnalytics in Frameworks */ = {isa = PBXBuildFile; productRef = 5CCB162F2B14AA4300BA5000 /* FirebaseAnalytics */; };
		5CCB16322B14AA4300BA5000 /* FirebaseAnalyticsOnDeviceConversion in Frameworks */ = {isa = PBXBuildFile; productRef = 5CCB16312B14AA4300BA5000 /* FirebaseAnalyticsOnDeviceConversion */; };
		5CCB16342B14AA4300BA5000 /* FirebaseAnalyticsSwift in Frameworks */ = {isa = PBXBuildFile; productRef = 5CCB16332B14AA4300BA5000 /* FirebaseAnalyticsSwift */; };
		5CCB16362B14AA4300BA5000 /* FirebaseAnalyticsWithoutAdIdSupport in Frameworks */ = {isa = PBXBuildFile; productRef = 5CCB16352B14AA4300BA5000 /* FirebaseAnalyticsWithoutAdIdSupport */; };
		5CCB16382B14AA4300BA5000 /* FirebaseAppCheck in Frameworks */ = {isa = PBXBuildFile; productRef = 5CCB16372B14AA4300BA5000 /* FirebaseAppCheck */; };
		5CCB163B2B14B16C00BA5000 /* FirebaseDatabase in Frameworks */ = {isa = PBXBuildFile; productRef = 5CCB163A2B14B16C00BA5000 /* FirebaseDatabase */; };
		5CCB163D2B14B17100BA5000 /* FirebaseAuth in Frameworks */ = {isa = PBXBuildFile; productRef = 5CCB163C2B14B17100BA5000 /* FirebaseAuth */; };
		5CCB163F2B14B17600BA5000 /* FirebaseDatabaseSwift in Frameworks */ = {isa = PBXBuildFile; productRef = 5CCB163E2B14B17600BA5000 /* FirebaseDatabaseSwift */; };
		5CFEE88D2B17294D00D3ECAE /* LionAR.swift in Sources */ = {isa = PBXBuildFile; fileRef = 5CFEE88C2B17294D00D3ECAE /* LionAR.swift */; };
		5CFEE88F2B17296000D3ECAE /* ARcat.swift in Sources */ = {isa = PBXBuildFile; fileRef = 5CFEE88E2B17296000D3ECAE /* ARcat.swift */; };
		5CFEE8912B17296E00D3ECAE /* sendInvation.swift in Sources */ = {isa = PBXBuildFile; fileRef = 5CFEE8902B17296E00D3ECAE /* sendInvation.swift */; };
		5CFEE8932B17297C00D3ECAE /* acceptInvation.swift in Sources */ = {isa = PBXBuildFile; fileRef = 5CFEE8922B17297C00D3ECAE /* acceptInvation.swift */; };
/* End PBXBuildFile section */

/* Begin PBXFileReference section */
		5A4B37FC2B20953D00611158 /* MM.mp3 */ = {isa = PBXFileReference; lastKnownFileType = audio.mp3; path = MM.mp3; sourceTree = "<group>"; };
		5A4B37FE2B20958100611158 /* AudioPlayer.swift */ = {isa = PBXFileReference; fileEncoding = 4; lastKnownFileType = sourcecode.swift; path = AudioPlayer.swift; sourceTree = "<group>"; };
		5A871A632B1F5F3700AB483A /* InfoScreen.swift */ = {isa = PBXFileReference; lastKnownFileType = sourcecode.swift; path = InfoScreen.swift; sourceTree = "<group>"; };
		5A871A652B1F5F8F00AB483A /* AccountScreen.swift */ = {isa = PBXFileReference; lastKnownFileType = sourcecode.swift; path = AccountScreen.swift; sourceTree = "<group>"; };
		5ACF688C2B18D603000CCEE9 /* Ithra-Light.ttf */ = {isa = PBXFileReference; lastKnownFileType = file; path = "Ithra-Light.ttf"; sourceTree = "<group>"; };
		5ACF688D2B18D604000CCEE9 /* Ithra-Bold.ttf */ = {isa = PBXFileReference; lastKnownFileType = file; path = "Ithra-Bold.ttf"; sourceTree = "<group>"; };
		5C2E02B82B1DC5B800B48204 /* UserListView.swift */ = {isa = PBXFileReference; lastKnownFileType = sourcecode.swift; path = UserListView.swift; sourceTree = "<group>"; };
		5C6D5D4E2B1330610061AC56 /* zooProjectFinal.app */ = {isa = PBXFileReference; explicitFileType = wrapper.application; includeInIndex = 0; path = zooProjectFinal.app; sourceTree = BUILT_PRODUCTS_DIR; };
		5C6D5D512B1330610061AC56 /* zooProjectFinalApp.swift */ = {isa = PBXFileReference; lastKnownFileType = sourcecode.swift; path = zooProjectFinalApp.swift; sourceTree = "<group>"; };
		5C6D5D552B1330620061AC56 /* Assets.xcassets */ = {isa = PBXFileReference; lastKnownFileType = folder.assetcatalog; path = Assets.xcassets; sourceTree = "<group>"; };
		5C6D5D582B1330620061AC56 /* Preview Assets.xcassets */ = {isa = PBXFileReference; lastKnownFileType = folder.assetcatalog; path = "Preview Assets.xcassets"; sourceTree = "<group>"; };
		5C6D5D5F2B1331D40061AC56 /* GoogleService-Info.plist */ = {isa = PBXFileReference; fileEncoding = 4; lastKnownFileType = text.plist.xml; path = "GoogleService-Info.plist"; sourceTree = "<group>"; };
		5C6D5D6C2B13370F0061AC56 /* splashScreen.swift */ = {isa = PBXFileReference; lastKnownFileType = sourcecode.swift; path = splashScreen.swift; sourceTree = "<group>"; };
		5C6D5D6E2B1338970061AC56 /* permissionScreen.swift */ = {isa = PBXFileReference; lastKnownFileType = sourcecode.swift; path = permissionScreen.swift; sourceTree = "<group>"; };
		5C6D5D702B1338C00061AC56 /* introRegisteration.swift */ = {isa = PBXFileReference; lastKnownFileType = sourcecode.swift; path = introRegisteration.swift; sourceTree = "<group>"; };
		5C6D5D722B1338DA0061AC56 /* signUpScreen.swift */ = {isa = PBXFileReference; lastKnownFileType = sourcecode.swift; path = signUpScreen.swift; sourceTree = "<group>"; };
		5C6D5D742B1338E70061AC56 /* loginScreen.swift */ = {isa = PBXFileReference; lastKnownFileType = sourcecode.swift; path = loginScreen.swift; sourceTree = "<group>"; };
		5C6D5D762B13390F0061AC56 /* LetsPlayScreen.swift */ = {isa = PBXFileReference; lastKnownFileType = sourcecode.swift; path = LetsPlayScreen.swift; sourceTree = "<group>"; };
		5C6D5D782B133F610061AC56 /* Info.plist */ = {isa = PBXFileReference; lastKnownFileType = text.plist; path = Info.plist; sourceTree = "<group>"; };
		5CFEE88C2B17294D00D3ECAE /* LionAR.swift */ = {isa = PBXFileReference; lastKnownFileType = sourcecode.swift; path = LionAR.swift; sourceTree = "<group>"; };
		5CFEE88E2B17296000D3ECAE /* ARcat.swift */ = {isa = PBXFileReference; lastKnownFileType = sourcecode.swift; path = ARcat.swift; sourceTree = "<group>"; };
		5CFEE8902B17296E00D3ECAE /* sendInvation.swift */ = {isa = PBXFileReference; lastKnownFileType = sourcecode.swift; path = sendInvation.swift; sourceTree = "<group>"; };
		5CFEE8922B17297C00D3ECAE /* acceptInvation.swift */ = {isa = PBXFileReference; lastKnownFileType = sourcecode.swift; path = acceptInvation.swift; sourceTree = "<group>"; };
/* End PBXFileReference section */

/* Begin PBXFrameworksBuildPhase section */
		5C6D5D4B2B1330610061AC56 /* Frameworks */ = {
			isa = PBXFrameworksBuildPhase;
			buildActionMask = 2147483647;
			files = (
				5C6D5D672B13331A0061AC56 /* FirebaseAnalyticsSwift in Frameworks */,
				5C6D5D632B13331A0061AC56 /* FirebaseAnalytics in Frameworks */,
				5CCB163D2B14B17100BA5000 /* FirebaseAuth in Frameworks */,
				5CCB16262B14A96E00BA5000 /* FirebaseAnalytics in Frameworks */,
				5CCB16282B14A96E00BA5000 /* FirebaseAnalyticsOnDeviceConversion in Frameworks */,
				5CCB162A2B14A96E00BA5000 /* FirebaseAnalyticsSwift in Frameworks */,
				5C6D5D652B13331A0061AC56 /* FirebaseAnalyticsOnDeviceConversion in Frameworks */,
				5CCB163B2B14B16C00BA5000 /* FirebaseDatabase in Frameworks */,
				5CCB16302B14AA4300BA5000 /* FirebaseAnalytics in Frameworks */,
				5CCB16322B14AA4300BA5000 /* FirebaseAnalyticsOnDeviceConversion in Frameworks */,
				5C84083A2B14B403003E21D6 /* FirebaseFunctions in Frameworks */,
				5C6D5D6B2B13331A0061AC56 /* FirebaseAppCheck in Frameworks */,
				5CCB16342B14AA4300BA5000 /* FirebaseAnalyticsSwift in Frameworks */,
				5CCB163F2B14B17600BA5000 /* FirebaseDatabaseSwift in Frameworks */,
				5CCB162C2B14A96E00BA5000 /* FirebaseAnalyticsWithoutAdIdSupport in Frameworks */,
				5CCB16362B14AA4300BA5000 /* FirebaseAnalyticsWithoutAdIdSupport in Frameworks */,
				5CCB162E2B14A96E00BA5000 /* FirebaseAppCheck in Frameworks */,
				5CCB16382B14AA4300BA5000 /* FirebaseAppCheck in Frameworks */,
				5C6D5D692B13331A0061AC56 /* FirebaseAnalyticsWithoutAdIdSupport in Frameworks */,
			);
			runOnlyForDeploymentPostprocessing = 0;
		};
/* End PBXFrameworksBuildPhase section */

/* Begin PBXGroup section */
		5A4B37FB2B20953D00611158 /* mm */ = {
			isa = PBXGroup;
			children = (
				5A4B37FC2B20953D00611158 /* MM.mp3 */,
			);
			path = mm;
			sourceTree = "<group>";
		};
		5C6D5D452B1330610061AC56 = {
			isa = PBXGroup;
			children = (
				5C6D5D502B1330610061AC56 /* zooProjectFinal */,
				5C6D5D4F2B1330610061AC56 /* Products */,
				5CCB16392B14B16C00BA5000 /* Frameworks */,
			);
			sourceTree = "<group>";
		};
		5C6D5D4F2B1330610061AC56 /* Products */ = {
			isa = PBXGroup;
			children = (
				5C6D5D4E2B1330610061AC56 /* zooProjectFinal.app */,
			);
			name = Products;
			sourceTree = "<group>";
		};
		5C6D5D502B1330610061AC56 /* zooProjectFinal */ = {
			isa = PBXGroup;
			children = (
				5C6D5D782B133F610061AC56 /* Info.plist */,
				5C6D5D512B1330610061AC56 /* zooProjectFinalApp.swift */,
				5C6D5D6C2B13370F0061AC56 /* splashScreen.swift */,
				5C6D5D702B1338C00061AC56 /* introRegisteration.swift */,
				5C6D5D722B1338DA0061AC56 /* signUpScreen.swift */,
				5C6D5D742B1338E70061AC56 /* loginScreen.swift */,
				5CFEE8902B17296E00D3ECAE /* sendInvation.swift */,
				5C6D5D762B13390F0061AC56 /* LetsPlayScreen.swift */,
				5CFEE8922B17297C00D3ECAE /* acceptInvation.swift */,
				5CFEE88C2B17294D00D3ECAE /* LionAR.swift */,
				5CFEE88E2B17296000D3ECAE /* ARcat.swift */,
				5A871A652B1F5F8F00AB483A /* AccountScreen.swift */,
				5A871A632B1F5F3700AB483A /* InfoScreen.swift */,
				5A4B37FE2B20958100611158 /* AudioPlayer.swift */,
				5A4B37FB2B20953D00611158 /* mm */,
				5C6D5D5F2B1331D40061AC56 /* GoogleService-Info.plist */,
				5C6D5D552B1330620061AC56 /* Assets.xcassets */,
				5ACF688D2B18D604000CCEE9 /* Ithra-Bold.ttf */,
				5ACF688C2B18D603000CCEE9 /* Ithra-Light.ttf */,
				5C6D5D6E2B1338970061AC56 /* permissionScreen.swift */,
				5C6D5D572B1330620061AC56 /* Preview Content */,
				5C2E02B82B1DC5B800B48204 /* UserListView.swift */,
			);
			path = zooProjectFinal;
			sourceTree = "<group>";
		};
		5C6D5D572B1330620061AC56 /* Preview Content */ = {
			isa = PBXGroup;
			children = (
				5C6D5D582B1330620061AC56 /* Preview Assets.xcassets */,
			);
			path = "Preview Content";
			sourceTree = "<group>";
		};
		5CCB16392B14B16C00BA5000 /* Frameworks */ = {
			isa = PBXGroup;
			children = (
			);
			name = Frameworks;
			sourceTree = "<group>";
		};
/* End PBXGroup section */

/* Begin PBXNativeTarget section */
		5C6D5D4D2B1330610061AC56 /* zooProjectFinal */ = {
			isa = PBXNativeTarget;
			buildConfigurationList = 5C6D5D5C2B1330620061AC56 /* Build configuration list for PBXNativeTarget "zooProjectFinal" */;
			buildPhases = (
				5C6D5D4A2B1330610061AC56 /* Sources */,
				5C6D5D4B2B1330610061AC56 /* Frameworks */,
				5C6D5D4C2B1330610061AC56 /* Resources */,
			);
			buildRules = (
			);
			dependencies = (
			);
			name = zooProjectFinal;
			packageProductDependencies = (
				5C6D5D622B13331A0061AC56 /* FirebaseAnalytics */,
				5C6D5D642B13331A0061AC56 /* FirebaseAnalyticsOnDeviceConversion */,
				5C6D5D662B13331A0061AC56 /* FirebaseAnalyticsSwift */,
				5C6D5D682B13331A0061AC56 /* FirebaseAnalyticsWithoutAdIdSupport */,
				5C6D5D6A2B13331A0061AC56 /* FirebaseAppCheck */,
				5CCB16252B14A96E00BA5000 /* FirebaseAnalytics */,
				5CCB16272B14A96E00BA5000 /* FirebaseAnalyticsOnDeviceConversion */,
				5CCB16292B14A96E00BA5000 /* FirebaseAnalyticsSwift */,
				5CCB162B2B14A96E00BA5000 /* FirebaseAnalyticsWithoutAdIdSupport */,
				5CCB162D2B14A96E00BA5000 /* FirebaseAppCheck */,
				5CCB162F2B14AA4300BA5000 /* FirebaseAnalytics */,
				5CCB16312B14AA4300BA5000 /* FirebaseAnalyticsOnDeviceConversion */,
				5CCB16332B14AA4300BA5000 /* FirebaseAnalyticsSwift */,
				5CCB16352B14AA4300BA5000 /* FirebaseAnalyticsWithoutAdIdSupport */,
				5CCB16372B14AA4300BA5000 /* FirebaseAppCheck */,
				5CCB163A2B14B16C00BA5000 /* FirebaseDatabase */,
				5CCB163C2B14B17100BA5000 /* FirebaseAuth */,
				5CCB163E2B14B17600BA5000 /* FirebaseDatabaseSwift */,
				5C8408392B14B403003E21D6 /* FirebaseFunctions */,
			);
			productName = zooProjectFinal;
			productReference = 5C6D5D4E2B1330610061AC56 /* zooProjectFinal.app */;
			productType = "com.apple.product-type.application";
		};
/* End PBXNativeTarget section */

/* Begin PBXProject section */
		5C6D5D462B1330610061AC56 /* Project object */ = {
			isa = PBXProject;
			attributes = {
				BuildIndependentTargetsInParallel = 1;
				LastSwiftUpdateCheck = 1500;
				LastUpgradeCheck = 1500;
				TargetAttributes = {
					5C6D5D4D2B1330610061AC56 = {
						CreatedOnToolsVersion = 15.0;
					};
				};
			};
			buildConfigurationList = 5C6D5D492B1330610061AC56 /* Build configuration list for PBXProject "zooProjectFinal" */;
			compatibilityVersion = "Xcode 14.0";
			developmentRegion = en;
			hasScannedForEncodings = 0;
			knownRegions = (
				en,
				Base,
			);
			mainGroup = 5C6D5D452B1330610061AC56;
			packageReferences = (
				5C6D5D612B13331A0061AC56 /* XCRemoteSwiftPackageReference "firebase-ios-sdk" */,
			);
			productRefGroup = 5C6D5D4F2B1330610061AC56 /* Products */;
			projectDirPath = "";
			projectRoot = "";
			targets = (
				5C6D5D4D2B1330610061AC56 /* zooProjectFinal */,
			);
		};
/* End PBXProject section */

/* Begin PBXResourcesBuildPhase section */
		5C6D5D4C2B1330610061AC56 /* Resources */ = {
			isa = PBXResourcesBuildPhase;
			buildActionMask = 2147483647;
			files = (
				5ACF688F2B18D604000CCEE9 /* Ithra-Bold.ttf in Resources */,
				5ACF688E2B18D604000CCEE9 /* Ithra-Light.ttf in Resources */,
				5C6D5D592B1330620061AC56 /* Preview Assets.xcassets in Resources */,
				5C6D5D562B1330620061AC56 /* Assets.xcassets in Resources */,
				5A4B37FD2B20953D00611158 /* MM.mp3 in Resources */,
				5C6D5D602B1331D40061AC56 /* GoogleService-Info.plist in Resources */,
			);
			runOnlyForDeploymentPostprocessing = 0;
		};
/* End PBXResourcesBuildPhase section */

/* Begin PBXSourcesBuildPhase section */
		5C6D5D4A2B1330610061AC56 /* Sources */ = {
			isa = PBXSourcesBuildPhase;
			buildActionMask = 2147483647;
			files = (
				5C6D5D6D2B13370F0061AC56 /* splashScreen.swift in Sources */,
				5C6D5D712B1338C00061AC56 /* introRegisteration.swift in Sources */,
				5A4B37FF2B20958100611158 /* AudioPlayer.swift in Sources */,
				5A871A662B1F5F8F00AB483A /* AccountScreen.swift in Sources */,
				5CFEE88F2B17296000D3ECAE /* ARcat.swift in Sources */,
				5C6D5D6F2B1338970061AC56 /* permissionScreen.swift in Sources */,
				5C6D5D522B1330610061AC56 /* zooProjectFinalApp.swift in Sources */,
				5CFEE8912B17296E00D3ECAE /* sendInvation.swift in Sources */,
				5CFEE8932B17297C00D3ECAE /* acceptInvation.swift in Sources */,
				5CFEE88D2B17294D00D3ECAE /* LionAR.swift in Sources */,
				5C6D5D772B13390F0061AC56 /* LetsPlayScreen.swift in Sources */,
				5C6D5D732B1338DA0061AC56 /* signUpScreen.swift in Sources */,
				5C6D5D752B1338E80061AC56 /* loginScreen.swift in Sources */,
				5C2E02B92B1DC5B800B48204 /* UserListView.swift in Sources */,
				5A871A642B1F5F3700AB483A /* InfoScreen.swift in Sources */,
			);
			runOnlyForDeploymentPostprocessing = 0;
		};
/* End PBXSourcesBuildPhase section */

/* Begin XCBuildConfiguration section */
		5C6D5D5A2B1330620061AC56 /* Debug */ = {
			isa = XCBuildConfiguration;
			buildSettings = {
				ALWAYS_SEARCH_USER_PATHS = NO;
				ASSETCATALOG_COMPILER_GENERATE_SWIFT_ASSET_SYMBOL_EXTENSIONS = YES;
				CLANG_ANALYZER_NONNULL = YES;
				CLANG_ANALYZER_NUMBER_OBJECT_CONVERSION = YES_AGGRESSIVE;
				CLANG_CXX_LANGUAGE_STANDARD = "gnu++20";
				CLANG_ENABLE_MODULES = YES;
				CLANG_ENABLE_OBJC_ARC = YES;
				CLANG_ENABLE_OBJC_WEAK = YES;
				CLANG_WARN_BLOCK_CAPTURE_AUTORELEASING = YES;
				CLANG_WARN_BOOL_CONVERSION = YES;
				CLANG_WARN_COMMA = YES;
				CLANG_WARN_CONSTANT_CONVERSION = YES;
				CLANG_WARN_DEPRECATED_OBJC_IMPLEMENTATIONS = YES;
				CLANG_WARN_DIRECT_OBJC_ISA_USAGE = YES_ERROR;
				CLANG_WARN_DOCUMENTATION_COMMENTS = YES;
				CLANG_WARN_EMPTY_BODY = YES;
				CLANG_WARN_ENUM_CONVERSION = YES;
				CLANG_WARN_INFINITE_RECURSION = YES;
				CLANG_WARN_INT_CONVERSION = YES;
				CLANG_WARN_NON_LITERAL_NULL_CONVERSION = YES;
				CLANG_WARN_OBJC_IMPLICIT_RETAIN_SELF = YES;
				CLANG_WARN_OBJC_LITERAL_CONVERSION = YES;
				CLANG_WARN_OBJC_ROOT_CLASS = YES_ERROR;
				CLANG_WARN_QUOTED_INCLUDE_IN_FRAMEWORK_HEADER = YES;
				CLANG_WARN_RANGE_LOOP_ANALYSIS = YES;
				CLANG_WARN_STRICT_PROTOTYPES = YES;
				CLANG_WARN_SUSPICIOUS_MOVE = YES;
				CLANG_WARN_UNGUARDED_AVAILABILITY = YES_AGGRESSIVE;
				CLANG_WARN_UNREACHABLE_CODE = YES;
				CLANG_WARN__DUPLICATE_METHOD_MATCH = YES;
				COPY_PHASE_STRIP = NO;
				DEBUG_INFORMATION_FORMAT = dwarf;
				ENABLE_STRICT_OBJC_MSGSEND = YES;
				ENABLE_TESTABILITY = YES;
				ENABLE_USER_SCRIPT_SANDBOXING = YES;
				GCC_C_LANGUAGE_STANDARD = gnu17;
				GCC_DYNAMIC_NO_PIC = NO;
				GCC_NO_COMMON_BLOCKS = YES;
				GCC_OPTIMIZATION_LEVEL = 0;
				GCC_PREPROCESSOR_DEFINITIONS = (
					"DEBUG=1",
					"$(inherited)",
				);
				GCC_WARN_64_TO_32_BIT_CONVERSION = YES;
				GCC_WARN_ABOUT_RETURN_TYPE = YES_ERROR;
				GCC_WARN_UNDECLARED_SELECTOR = YES;
				GCC_WARN_UNINITIALIZED_AUTOS = YES_AGGRESSIVE;
				GCC_WARN_UNUSED_FUNCTION = YES;
				GCC_WARN_UNUSED_VARIABLE = YES;
				IPHONEOS_DEPLOYMENT_TARGET = 17.0;
				LOCALIZATION_PREFERS_STRING_CATALOGS = YES;
				MTL_ENABLE_DEBUG_INFO = INCLUDE_SOURCE;
				MTL_FAST_MATH = YES;
				ONLY_ACTIVE_ARCH = YES;
				SDKROOT = iphoneos;
				SWIFT_ACTIVE_COMPILATION_CONDITIONS = "DEBUG $(inherited)";
				SWIFT_OPTIMIZATION_LEVEL = "-Onone";
			};
			name = Debug;
		};
		5C6D5D5B2B1330620061AC56 /* Release */ = {
			isa = XCBuildConfiguration;
			buildSettings = {
				ALWAYS_SEARCH_USER_PATHS = NO;
				ASSETCATALOG_COMPILER_GENERATE_SWIFT_ASSET_SYMBOL_EXTENSIONS = YES;
				CLANG_ANALYZER_NONNULL = YES;
				CLANG_ANALYZER_NUMBER_OBJECT_CONVERSION = YES_AGGRESSIVE;
				CLANG_CXX_LANGUAGE_STANDARD = "gnu++20";
				CLANG_ENABLE_MODULES = YES;
				CLANG_ENABLE_OBJC_ARC = YES;
				CLANG_ENABLE_OBJC_WEAK = YES;
				CLANG_WARN_BLOCK_CAPTURE_AUTORELEASING = YES;
				CLANG_WARN_BOOL_CONVERSION = YES;
				CLANG_WARN_COMMA = YES;
				CLANG_WARN_CONSTANT_CONVERSION = YES;
				CLANG_WARN_DEPRECATED_OBJC_IMPLEMENTATIONS = YES;
				CLANG_WARN_DIRECT_OBJC_ISA_USAGE = YES_ERROR;
				CLANG_WARN_DOCUMENTATION_COMMENTS = YES;
				CLANG_WARN_EMPTY_BODY = YES;
				CLANG_WARN_ENUM_CONVERSION = YES;
				CLANG_WARN_INFINITE_RECURSION = YES;
				CLANG_WARN_INT_CONVERSION = YES;
				CLANG_WARN_NON_LITERAL_NULL_CONVERSION = YES;
				CLANG_WARN_OBJC_IMPLICIT_RETAIN_SELF = YES;
				CLANG_WARN_OBJC_LITERAL_CONVERSION = YES;
				CLANG_WARN_OBJC_ROOT_CLASS = YES_ERROR;
				CLANG_WARN_QUOTED_INCLUDE_IN_FRAMEWORK_HEADER = YES;
				CLANG_WARN_RANGE_LOOP_ANALYSIS = YES;
				CLANG_WARN_STRICT_PROTOTYPES = YES;
				CLANG_WARN_SUSPICIOUS_MOVE = YES;
				CLANG_WARN_UNGUARDED_AVAILABILITY = YES_AGGRESSIVE;
				CLANG_WARN_UNREACHABLE_CODE = YES;
				CLANG_WARN__DUPLICATE_METHOD_MATCH = YES;
				COPY_PHASE_STRIP = NO;
				DEBUG_INFORMATION_FORMAT = "dwarf-with-dsym";
				ENABLE_NS_ASSERTIONS = NO;
				ENABLE_STRICT_OBJC_MSGSEND = YES;
				ENABLE_USER_SCRIPT_SANDBOXING = YES;
				GCC_C_LANGUAGE_STANDARD = gnu17;
				GCC_NO_COMMON_BLOCKS = YES;
				GCC_WARN_64_TO_32_BIT_CONVERSION = YES;
				GCC_WARN_ABOUT_RETURN_TYPE = YES_ERROR;
				GCC_WARN_UNDECLARED_SELECTOR = YES;
				GCC_WARN_UNINITIALIZED_AUTOS = YES_AGGRESSIVE;
				GCC_WARN_UNUSED_FUNCTION = YES;
				GCC_WARN_UNUSED_VARIABLE = YES;
				IPHONEOS_DEPLOYMENT_TARGET = 17.0;
				LOCALIZATION_PREFERS_STRING_CATALOGS = YES;
				MTL_ENABLE_DEBUG_INFO = NO;
				MTL_FAST_MATH = YES;
				SDKROOT = iphoneos;
				SWIFT_COMPILATION_MODE = wholemodule;
				VALIDATE_PRODUCT = YES;
			};
			name = Release;
		};
		5C6D5D5D2B1330620061AC56 /* Debug */ = {
			isa = XCBuildConfiguration;
			buildSettings = {
				ASSETCATALOG_COMPILER_APPICON_NAME = AppIcon;
				ASSETCATALOG_COMPILER_GLOBAL_ACCENT_COLOR_NAME = AccentColor;
				CODE_SIGN_STYLE = Automatic;
				CURRENT_PROJECT_VERSION = 1;
				DEVELOPMENT_ASSET_PATHS = "\"zooProjectFinal/Preview Content\"";
				DEVELOPMENT_TEAM = 25ANLCX5P6;
				ENABLE_PREVIEWS = YES;
				GENERATE_INFOPLIST_FILE = YES;
				INFOPLIST_FILE = zooProjectFinal/Info.plist;
				INFOPLIST_KEY_NSCameraUsageDescription = "We need access to your camera for";
				INFOPLIST_KEY_NSLocationAlwaysAndWhenInUseUsageDescription = 1.0;
				INFOPLIST_KEY_NSLocationAlwaysUsageDescription = "We need your location for...";
				INFOPLIST_KEY_NSLocationWhenInUseUsageDescription = "We need your location for...";
				INFOPLIST_KEY_UIApplicationSceneManifest_Generation = YES;
				INFOPLIST_KEY_UIApplicationSupportsIndirectInputEvents = YES;
				INFOPLIST_KEY_UILaunchScreen_Generation = YES;
				INFOPLIST_KEY_UISupportedInterfaceOrientations_iPad = "UIInterfaceOrientationPortrait UIInterfaceOrientationPortraitUpsideDown UIInterfaceOrientationLandscapeLeft UIInterfaceOrientationLandscapeRight";
				INFOPLIST_KEY_UISupportedInterfaceOrientations_iPhone = "UIInterfaceOrientationPortrait UIInterfaceOrientationLandscapeLeft UIInterfaceOrientationLandscapeRight";
				LD_RUNPATH_SEARCH_PATHS = (
					"$(inherited)",
					"@executable_path/Frameworks",
				);
				MARKETING_VERSION = 1.0;
				PRODUCT_BUNDLE_IDENTIFIER = w.theZooProjectiiii;
				PRODUCT_NAME = "$(TARGET_NAME)";
				SWIFT_EMIT_LOC_STRINGS = YES;
				SWIFT_VERSION = 5.0;
				TARGETED_DEVICE_FAMILY = "1,2";
			};
			name = Debug;
		};
		5C6D5D5E2B1330620061AC56 /* Release */ = {
			isa = XCBuildConfiguration;
			buildSettings = {
				ASSETCATALOG_COMPILER_APPICON_NAME = AppIcon;
				ASSETCATALOG_COMPILER_GLOBAL_ACCENT_COLOR_NAME = AccentColor;
				CODE_SIGN_STYLE = Automatic;
				CURRENT_PROJECT_VERSION = 1;
				DEVELOPMENT_ASSET_PATHS = "\"zooProjectFinal/Preview Content\"";
				DEVELOPMENT_TEAM = 25ANLCX5P6;
				ENABLE_PREVIEWS = YES;
				GENERATE_INFOPLIST_FILE = YES;
				INFOPLIST_FILE = zooProjectFinal/Info.plist;
				INFOPLIST_KEY_NSCameraUsageDescription = "We need access to your camera for";
				INFOPLIST_KEY_NSLocationAlwaysAndWhenInUseUsageDescription = 1.0;
				INFOPLIST_KEY_NSLocationAlwaysUsageDescription = "We need your location for...";
				INFOPLIST_KEY_NSLocationWhenInUseUsageDescription = "We need your location for...";
				INFOPLIST_KEY_UIApplicationSceneManifest_Generation = YES;
				INFOPLIST_KEY_UIApplicationSupportsIndirectInputEvents = YES;
				INFOPLIST_KEY_UILaunchScreen_Generation = YES;
				INFOPLIST_KEY_UISupportedInterfaceOrientations_iPad = "UIInterfaceOrientationPortrait UIInterfaceOrientationPortraitUpsideDown UIInterfaceOrientationLandscapeLeft UIInterfaceOrientationLandscapeRight";
				INFOPLIST_KEY_UISupportedInterfaceOrientations_iPhone = "UIInterfaceOrientationPortrait UIInterfaceOrientationLandscapeLeft UIInterfaceOrientationLandscapeRight";
				LD_RUNPATH_SEARCH_PATHS = (
					"$(inherited)",
					"@executable_path/Frameworks",
				);
				MARKETING_VERSION = 1.0;
				PRODUCT_BUNDLE_IDENTIFIER = w.theZooProjectiiii;
				PRODUCT_NAME = "$(TARGET_NAME)";
				SWIFT_EMIT_LOC_STRINGS = YES;
				SWIFT_VERSION = 5.0;
				TARGETED_DEVICE_FAMILY = "1,2";
			};
			name = Release;
		};
/* End XCBuildConfiguration section */

/* Begin XCConfigurationList section */
		5C6D5D492B1330610061AC56 /* Build configuration list for PBXProject "zooProjectFinal" */ = {
			isa = XCConfigurationList;
			buildConfigurations = (
				5C6D5D5A2B1330620061AC56 /* Debug */,
				5C6D5D5B2B1330620061AC56 /* Release */,
			);
			defaultConfigurationIsVisible = 0;
			defaultConfigurationName = Release;
		};
		5C6D5D5C2B1330620061AC56 /* Build configuration list for PBXNativeTarget "zooProjectFinal" */ = {
			isa = XCConfigurationList;
			buildConfigurations = (
				5C6D5D5D2B1330620061AC56 /* Debug */,
				5C6D5D5E2B1330620061AC56 /* Release */,
			);
			defaultConfigurationIsVisible = 0;
			defaultConfigurationName = Release;
		};
/* End XCConfigurationList section */

/* Begin XCRemoteSwiftPackageReference section */
		5C6D5D612B13331A0061AC56 /* XCRemoteSwiftPackageReference "firebase-ios-sdk" */ = {
			isa = XCRemoteSwiftPackageReference;
			repositoryURL = "https://github.com/firebase/firebase-ios-sdk";
			requirement = {
				kind = exactVersion;
				version = 10.18.0;
			};
		};
/* End XCRemoteSwiftPackageReference section */

/* Begin XCSwiftPackageProductDependency section */
		5C6D5D622B13331A0061AC56 /* FirebaseAnalytics */ = {
			isa = XCSwiftPackageProductDependency;
			package = 5C6D5D612B13331A0061AC56 /* XCRemoteSwiftPackageReference "firebase-ios-sdk" */;
			productName = FirebaseAnalytics;
		};
		5C6D5D642B13331A0061AC56 /* FirebaseAnalyticsOnDeviceConversion */ = {
			isa = XCSwiftPackageProductDependency;
			package = 5C6D5D612B13331A0061AC56 /* XCRemoteSwiftPackageReference "firebase-ios-sdk" */;
			productName = FirebaseAnalyticsOnDeviceConversion;
		};
		5C6D5D662B13331A0061AC56 /* FirebaseAnalyticsSwift */ = {
			isa = XCSwiftPackageProductDependency;
			package = 5C6D5D612B13331A0061AC56 /* XCRemoteSwiftPackageReference "firebase-ios-sdk" */;
			productName = FirebaseAnalyticsSwift;
		};
		5C6D5D682B13331A0061AC56 /* FirebaseAnalyticsWithoutAdIdSupport */ = {
			isa = XCSwiftPackageProductDependency;
			package = 5C6D5D612B13331A0061AC56 /* XCRemoteSwiftPackageReference "firebase-ios-sdk" */;
			productName = FirebaseAnalyticsWithoutAdIdSupport;
		};
		5C6D5D6A2B13331A0061AC56 /* FirebaseAppCheck */ = {
			isa = XCSwiftPackageProductDependency;
			package = 5C6D5D612B13331A0061AC56 /* XCRemoteSwiftPackageReference "firebase-ios-sdk" */;
			productName = FirebaseAppCheck;
		};
		5C8408392B14B403003E21D6 /* FirebaseFunctions */ = {
			isa = XCSwiftPackageProductDependency;
			package = 5C6D5D612B13331A0061AC56 /* XCRemoteSwiftPackageReference "firebase-ios-sdk" */;
			productName = FirebaseFunctions;
		};
		5CCB16252B14A96E00BA5000 /* FirebaseAnalytics */ = {
			isa = XCSwiftPackageProductDependency;
			package = 5C6D5D612B13331A0061AC56 /* XCRemoteSwiftPackageReference "firebase-ios-sdk" */;
			productName = FirebaseAnalytics;
		};
		5CCB16272B14A96E00BA5000 /* FirebaseAnalyticsOnDeviceConversion */ = {
			isa = XCSwiftPackageProductDependency;
			package = 5C6D5D612B13331A0061AC56 /* XCRemoteSwiftPackageReference "firebase-ios-sdk" */;
			productName = FirebaseAnalyticsOnDeviceConversion;
		};
		5CCB16292B14A96E00BA5000 /* FirebaseAnalyticsSwift */ = {
			isa = XCSwiftPackageProductDependency;
			package = 5C6D5D612B13331A0061AC56 /* XCRemoteSwiftPackageReference "firebase-ios-sdk" */;
			productName = FirebaseAnalyticsSwift;
		};
		5CCB162B2B14A96E00BA5000 /* FirebaseAnalyticsWithoutAdIdSupport */ = {
			isa = XCSwiftPackageProductDependency;
			package = 5C6D5D612B13331A0061AC56 /* XCRemoteSwiftPackageReference "firebase-ios-sdk" */;
			productName = FirebaseAnalyticsWithoutAdIdSupport;
		};
		5CCB162D2B14A96E00BA5000 /* FirebaseAppCheck */ = {
			isa = XCSwiftPackageProductDependency;
			package = 5C6D5D612B13331A0061AC56 /* XCRemoteSwiftPackageReference "firebase-ios-sdk" */;
			productName = FirebaseAppCheck;
		};
		5CCB162F2B14AA4300BA5000 /* FirebaseAnalytics */ = {
			isa = XCSwiftPackageProductDependency;
			package = 5C6D5D612B13331A0061AC56 /* XCRemoteSwiftPackageReference "firebase-ios-sdk" */;
			productName = FirebaseAnalytics;
		};
		5CCB16312B14AA4300BA5000 /* FirebaseAnalyticsOnDeviceConversion */ = {
			isa = XCSwiftPackageProductDependency;
			package = 5C6D5D612B13331A0061AC56 /* XCRemoteSwiftPackageReference "firebase-ios-sdk" */;
			productName = FirebaseAnalyticsOnDeviceConversion;
		};
		5CCB16332B14AA4300BA5000 /* FirebaseAnalyticsSwift */ = {
			isa = XCSwiftPackageProductDependency;
			package = 5C6D5D612B13331A0061AC56 /* XCRemoteSwiftPackageReference "firebase-ios-sdk" */;
			productName = FirebaseAnalyticsSwift;
		};
		5CCB16352B14AA4300BA5000 /* FirebaseAnalyticsWithoutAdIdSupport */ = {
			isa = XCSwiftPackageProductDependency;
			package = 5C6D5D612B13331A0061AC56 /* XCRemoteSwiftPackageReference "firebase-ios-sdk" */;
			productName = FirebaseAnalyticsWithoutAdIdSupport;
		};
		5CCB16372B14AA4300BA5000 /* FirebaseAppCheck */ = {
			isa = XCSwiftPackageProductDependency;
			package = 5C6D5D612B13331A0061AC56 /* XCRemoteSwiftPackageReference "firebase-ios-sdk" */;
			productName = FirebaseAppCheck;
		};
		5CCB163A2B14B16C00BA5000 /* FirebaseDatabase */ = {
			isa = XCSwiftPackageProductDependency;
			package = 5C6D5D612B13331A0061AC56 /* XCRemoteSwiftPackageReference "firebase-ios-sdk" */;
			productName = FirebaseDatabase;
		};
		5CCB163C2B14B17100BA5000 /* FirebaseAuth */ = {
			isa = XCSwiftPackageProductDependency;
			package = 5C6D5D612B13331A0061AC56 /* XCRemoteSwiftPackageReference "firebase-ios-sdk" */;
			productName = FirebaseAuth;
		};
		5CCB163E2B14B17600BA5000 /* FirebaseDatabaseSwift */ = {
			isa = XCSwiftPackageProductDependency;
			package = 5C6D5D612B13331A0061AC56 /* XCRemoteSwiftPackageReference "firebase-ios-sdk" */;
			productName = FirebaseDatabaseSwift;
		};
/* End XCSwiftPackageProductDependency section */
	};
	rootObject = 5C6D5D462B1330610061AC56 /* Project object */;
}
